
Microsoft Visual Studio Solution File, Format Version 12.00
# Visual Studio Version 17
VisualStudioVersion = 17.9.34728.123
MinimumVisualStudioVersion = 10.0.40219.1
Project("{FAE04EC0-301F-11D3-BF4B-00C04F79EFBC}") = "Tính tiền nước1", "Tính tiền nước1\Tính tiền nước1.csproj", "{CFF7523F-25C4-42E2-BA4E-DF822E640FF7}"
EndProject
Global
	GlobalSection(SolutionConfigurationPlatforms) = preSolution
		Debug|Any CPU = Debug|Any CPU
		Release|Any CPU = Release|Any CPU
	EndGlobalSection
	GlobalSection(ProjectConfigurationPlatforms) = postSolution
		{CFF7523F-25C4-42E2-BA4E-DF822E640FF7}.Debug|Any CPU.ActiveCfg = Debug|Any CPU
		{CFF7523F-25C4-42E2-BA4E-DF822E640FF7}.Debug|Any CPU.Build.0 = Debug|Any CPU
		{CFF7523F-25C4-42E2-BA4E-DF822E640FF7}.Release|Any CPU.ActiveCfg = Release|Any CPU
		{CFF7523F-25C4-42E2-BA4E-DF822E640FF7}.Release|Any CPU.Build.0 = Release|Any CPU
	EndGlobalSection
	GlobalSection(SolutionProperties) = preSolution
		HideSolutionNode = FALSE
	EndGlobalSection
	GlobalSection(ExtensibilityGlobals) = postSolution
		SolutionGuid = {E2B79FAB-55EF-4EBD-B76F-C5CA7E554244}
	EndGlobalSection
EndGlobal
